
Microsoft Visual Studio Solution File, Format Version 12.00
# Visual Studio Version 17
VisualStudioVersion = 17.9.34622.214
MinimumVisualStudioVersion = 10.0.40219.1
Project("{9A19103F-16F7-4668-BE54-9A1E7A4F7556}") = "GestionTicket", "GestionTicket\GestionTicket.csproj", "{609EB648-FA57-49DF-849B-375C4D44B4A8}"
EndProject
Project("{FAE04EC0-301F-11D3-BF4B-00C04F79EFBC}") = "GetionTicket.Web", "GetionTicket.Web\GetionTicket.Web.csproj", "{0D656D41-7F77-4AAE-970F-49E9D41D96A6}"
EndProject
Project("{FAE04EC0-301F-11D3-BF4B-00C04F79EFBC}") = "GestionTicket.Test", "GestionTicket.Test\GestionTicket.Test.csproj", "{6641737A-0FC7-4214-8ACE-AEA95C3DA5CB}"
EndProject
Global
	GlobalSection(SolutionConfigurationPlatforms) = preSolution
		Debug|Any CPU = Debug|Any CPU
		Release|Any CPU = Release|Any CPU
	EndGlobalSection
	GlobalSection(ProjectConfigurationPlatforms) = postSolution
		{609EB648-FA57-49DF-849B-375C4D44B4A8}.Debug|Any CPU.ActiveCfg = Debug|Any CPU
		{609EB648-FA57-49DF-849B-375C4D44B4A8}.Debug|Any CPU.Build.0 = Debug|Any CPU
		{609EB648-FA57-49DF-849B-375C4D44B4A8}.Release|Any CPU.ActiveCfg = Release|Any CPU
		{609EB648-FA57-49DF-849B-375C4D44B4A8}.Release|Any CPU.Build.0 = Release|Any CPU
		{0D656D41-7F77-4AAE-970F-49E9D41D96A6}.Debug|Any CPU.ActiveCfg = Debug|Any CPU
		{0D656D41-7F77-4AAE-970F-49E9D41D96A6}.Debug|Any CPU.Build.0 = Debug|Any CPU
		{0D656D41-7F77-4AAE-970F-49E9D41D96A6}.Release|Any CPU.ActiveCfg = Release|Any CPU
		{0D656D41-7F77-4AAE-970F-49E9D41D96A6}.Release|Any CPU.Build.0 = Release|Any CPU
		{6641737A-0FC7-4214-8ACE-AEA95C3DA5CB}.Debug|Any CPU.ActiveCfg = Debug|Any CPU
		{6641737A-0FC7-4214-8ACE-AEA95C3DA5CB}.Debug|Any CPU.Build.0 = Debug|Any CPU
		{6641737A-0FC7-4214-8ACE-AEA95C3DA5CB}.Release|Any CPU.ActiveCfg = Release|Any CPU
		{6641737A-0FC7-4214-8ACE-AEA95C3DA5CB}.Release|Any CPU.Build.0 = Release|Any CPU
	EndGlobalSection
	GlobalSection(SolutionProperties) = preSolution
		HideSolutionNode = FALSE
	EndGlobalSection
	GlobalSection(ExtensibilityGlobals) = postSolution
		SolutionGuid = {E31D24D9-A607-4D48-95FC-F1C04AB426E6}
	EndGlobalSection
EndGlobal
